
Microsoft Visual Studio Solution File, Format Version 12.00
# Visual Studio Version 17
VisualStudioVersion = 17.4.33027.239
MinimumVisualStudioVersion = 10.0.40219.1
Project("{9A19103F-16F7-4668-BE54-9A1E7A4F7556}") = "http3_quic", "http3_quic.csproj", "{147B474E-2864-4DC5-A5AC-61280C0DD3A9}"
EndProject
Global
	GlobalSection(SolutionConfigurationPlatforms) = preSolution
		Debug|Any CPU = Debug|Any CPU
		Release|Any CPU = Release|Any CPU
	EndGlobalSection
	GlobalSection(ProjectConfigurationPlatforms) = postSolution
		{147B474E-2864-4DC5-A5AC-61280C0DD3A9}.Debug|Any CPU.ActiveCfg = Debug|Any CPU
		{147B474E-2864-4DC5-A5AC-61280C0DD3A9}.Debug|Any CPU.Build.0 = Debug|Any CPU
		{147B474E-2864-4DC5-A5AC-61280C0DD3A9}.Release|Any CPU.ActiveCfg = Release|Any CPU
		{147B474E-2864-4DC5-A5AC-61280C0DD3A9}.Release|Any CPU.Build.0 = Release|Any CPU
	EndGlobalSection
	GlobalSection(SolutionProperties) = preSolution
		HideSolutionNode = FALSE
	EndGlobalSection
	GlobalSection(ExtensibilityGlobals) = postSolution
		SolutionGuid = {42562BE4-2C09-4D99-81B2-B8E75CBF33F0}
	EndGlobalSection
EndGlobal
